
Microsoft Visual Studio Solution File, Format Version 12.00
# Visual Studio 15
VisualStudioVersion = 15.0.27004.2009
MinimumVisualStudioVersion = 10.0.40219.1
Project("{888888A0-9F3D-457C-B088-3A5042F75D52}") = "Study01", "Study01\Study01.pyproj", "{84A1D68B-776D-41A2-85DB-D7E243DA38EC}"
EndProject
Project("{888888A0-9F3D-457C-B088-3A5042F75D52}") = "Study02", "Study02\Study02.pyproj", "{B1D2CC1A-13A9-4993-81A2-94FA1E48351D}"
EndProject
Global
	GlobalSection(SolutionConfigurationPlatforms) = preSolution
		Debug|Any CPU = Debug|Any CPU
		Release|Any CPU = Release|Any CPU
	EndGlobalSection
	GlobalSection(ProjectConfigurationPlatforms) = postSolution
		{84A1D68B-776D-41A2-85DB-D7E243DA38EC}.Debug|Any CPU.ActiveCfg = Debug|Any CPU
		{84A1D68B-776D-41A2-85DB-D7E243DA38EC}.Release|Any CPU.ActiveCfg = Release|Any CPU
		{B1D2CC1A-13A9-4993-81A2-94FA1E48351D}.Debug|Any CPU.ActiveCfg = Debug|Any CPU
		{B1D2CC1A-13A9-4993-81A2-94FA1E48351D}.Release|Any CPU.ActiveCfg = Release|Any CPU
	EndGlobalSection
	GlobalSection(SolutionProperties) = preSolution
		HideSolutionNode = FALSE
	EndGlobalSection
	GlobalSection(ExtensibilityGlobals) = postSolution
		SolutionGuid = {97EB2F92-F449-488E-942C-54029F323650}
	EndGlobalSection
EndGlobal
